
Microsoft Visual Studio Solution File, Format Version 12.00
# Visual Studio Version 17
VisualStudioVersion = 17.7.34031.279
MinimumVisualStudioVersion = 10.0.40219.1
Project("{FAE04EC0-301F-11D3-BF4B-00C04F79EFBC}") = "ml_gramatematyczna", "ml_gramatematyczna\ml_gramatematyczna.csproj", "{3992D9B6-E07F-459D-A6DC-DEFF881A529B}"
EndProject
Global
	GlobalSection(SolutionConfigurationPlatforms) = preSolution
		Debug|Any CPU = Debug|Any CPU
		Release|Any CPU = Release|Any CPU
	EndGlobalSection
	GlobalSection(ProjectConfigurationPlatforms) = postSolution
		{3992D9B6-E07F-459D-A6DC-DEFF881A529B}.Debug|Any CPU.ActiveCfg = Debug|Any CPU
		{3992D9B6-E07F-459D-A6DC-DEFF881A529B}.Debug|Any CPU.Build.0 = Debug|Any CPU
		{3992D9B6-E07F-459D-A6DC-DEFF881A529B}.Debug|Any CPU.Deploy.0 = Debug|Any CPU
		{3992D9B6-E07F-459D-A6DC-DEFF881A529B}.Release|Any CPU.ActiveCfg = Release|Any CPU
		{3992D9B6-E07F-459D-A6DC-DEFF881A529B}.Release|Any CPU.Build.0 = Release|Any CPU
		{3992D9B6-E07F-459D-A6DC-DEFF881A529B}.Release|Any CPU.Deploy.0 = Release|Any CPU
	EndGlobalSection
	GlobalSection(SolutionProperties) = preSolution
		HideSolutionNode = FALSE
	EndGlobalSection
	GlobalSection(ExtensibilityGlobals) = postSolution
		SolutionGuid = {AF2AC529-1EA3-4389-A0FB-63DC84FFA513}
	EndGlobalSection
EndGlobal
